
Microsoft Visual Studio Solution File, Format Version 12.00
Project("{FAE04EC0-301F-11D3-BF4B-00C04F79EFBC}") = "Odin.Configuration.AzureBlobJson", "Configuration\AzureBlobJson\Odin.Configuration.AzureBlobJson.csproj", "{220850A1-9524-7FE7-B680-B58A6384939A}"
EndProject
Project("{FAE04EC0-301F-11D3-BF4B-00C04F79EFBC}") = "Odin.Data.SqlScriptsRunner", "Data\SqlScriptsRunner\Odin.Data.SqlScriptsRunner.csproj", "{5460CA02-468D-B729-DBED-DC892DACB296}"
EndProject
Project("{FAE04EC0-301F-11D3-BF4B-00C04F79EFBC}") = "Odin.DesignContracts", "DesignContracts\Odin.DesignContracts.csproj", "{2B952295-4016-E1DA-8A6A-A0084F2049DF}"
EndProject
Project("{FAE04EC0-301F-11D3-BF4B-00C04F79EFBC}") = "Odin.Logging", "Logging\Odin.Logging.csproj", "{957731CC-1C44-4D0C-58F8-9B67862EF843}"
EndProject
Project("{FAE04EC0-301F-11D3-BF4B-00C04F79EFBC}") = "Odin.Messaging.RabbitMq", "Messaging\RabbitMq\Odin.Messaging.RabbitMq.csproj", "{21717156-66D0-2EF7-4728-A1BDEC5395F1}"
EndProject
Project("{FAE04EC0-301F-11D3-BF4B-00C04F79EFBC}") = "Odin.Notifications", "Notifications\Odin.Notifications.csproj", "{EE0118A3-E6BF-C45D-04EE-2BB8C979E5E5}"
EndProject
Project("{FAE04EC0-301F-11D3-BF4B-00C04F79EFBC}") = "Tests.Odin", "Tests.Odin\Tests.Odin.csproj", "{129E541A-C234-3625-95BF-4283B062F233}"
EndProject
Project("{2150E333-8FDC-42A3-9474-1A3956D46DE8}") = "BackgroundProcessing", "BackgroundProcessing", "{BF440C74-E223-3CBF-8FA7-83F7D164F7C3}"
EndProject
Project("{FAE04EC0-301F-11D3-BF4B-00C04F79EFBC}") = "Odin.BackgroundProcessing.Abstractions", "BackgroundProcessing\Abstractions\Odin.BackgroundProcessing.Abstractions.csproj", "{CE323D9C-635B-EFD3-5B3F-7CE371D8A86A}"
EndProject
Project("{FAE04EC0-301F-11D3-BF4B-00C04F79EFBC}") = "Odin.BackgroundProcessing", "BackgroundProcessing\Core\Odin.BackgroundProcessing.csproj", "{5581CD07-4D40-7BDA-6B2D-0C625F2E77B9}"
EndProject
Project("{FAE04EC0-301F-11D3-BF4B-00C04F79EFBC}") = "Odin.BackgroundProcessing.Hangfire", "BackgroundProcessing\Hangfire\Odin.BackgroundProcessing.Hangfire.csproj", "{68EEC220-4890-4137-F216-60C0B71CAC50}"
EndProject
Project("{2150E333-8FDC-42A3-9474-1A3956D46DE8}") = "Email", "Email", "{9639D0B7-7422-B408-6257-54E077C42F8A}"
EndProject
Project("{FAE04EC0-301F-11D3-BF4B-00C04F79EFBC}") = "Odin.Email", "Email\Core\Odin.Email.csproj", "{CFA010DD-F0CF-AF57-01BC-D0C6C4757228}"
EndProject
Project("{FAE04EC0-301F-11D3-BF4B-00C04F79EFBC}") = "Odin.Email.Mailgun", "Email\Mailgun\Odin.Email.Mailgun.csproj", "{3D01E7DC-D9DB-95AD-14D5-6557C57AABF5}"
EndProject
Project("{FAE04EC0-301F-11D3-BF4B-00C04F79EFBC}") = "Odin.Email.Office365", "Email\Office365\Odin.Email.Office365.csproj", "{50850EA5-0B2D-C344-800F-CF9E35B36802}"
EndProject
Project("{2150E333-8FDC-42A3-9474-1A3956D46DE8}") = "RemoteFiles", "RemoteFiles", "{499A48AF-B09A-AD23-332B-6CC3057A4CBB}"
EndProject
Project("{FAE04EC0-301F-11D3-BF4B-00C04F79EFBC}") = "Odin.RemoteFiles.Abstractions", "RemoteFiles\Abstractions\Odin.RemoteFiles.Abstractions.csproj", "{F36423F4-9212-22F7-34A1-2C00F215D703}"
EndProject
Project("{FAE04EC0-301F-11D3-BF4B-00C04F79EFBC}") = "Odin.RemoteFiles", "RemoteFiles\Core\Odin.RemoteFiles.csproj", "{BC2458FA-57C0-A796-4E4B-AF5F7F92EFAB}"
EndProject
Project("{FAE04EC0-301F-11D3-BF4B-00C04F79EFBC}") = "Odin.RemoteFiles.SFTP", "RemoteFiles\SFTP\Odin.RemoteFiles.SFTP.csproj", "{5D246D76-0E6E-00F7-C201-7AE19751DF7B}"
EndProject
Project("{2150E333-8FDC-42A3-9474-1A3956D46DE8}") = "Shared", "Shared", "{4F52FD11-658E-A102-6CD3-7D7C16FFA15B}"
	ProjectSection(SolutionItems) = preProject
		global.json = global.json
		nuget.config = nuget.config
		.github\workflows\publish.yml = .github\workflows\publish.yml
		Directory.Build.props = Directory.Build.props
		.github\workflows\pr-validation.yml = .github\workflows\pr-validation.yml
	EndProjectSection
EndProject
Project("{2150E333-8FDC-42A3-9474-1A3956D46DE8}") = "System", "System", "{73BA62BB-2B41-2DC4-C714-51B3D4C2A215}"
EndProject
Project("{FAE04EC0-301F-11D3-BF4B-00C04F79EFBC}") = "Odin.Utility.ClassFactory", "Utility\ClassFactory\Odin.Utility.ClassFactory.csproj", "{E450FC74-0DBE-320A-FE7A-87255CB4DFAB}"
EndProject
Project("{2150E333-8FDC-42A3-9474-1A3956D46DE8}") = "Templating", "Templating", "{85003D0A-72DB-A487-DC35-85E02D70F0B1}"
EndProject
Project("{FAE04EC0-301F-11D3-BF4B-00C04F79EFBC}") = "Odin.Templating.Razor.Abstractions", "Templating\Razor.Abstractions\Odin.Templating.Razor.Abstractions.csproj", "{DBDD9A48-564C-F575-95D8-73D1ACADCCAC}"
EndProject
Project("{FAE04EC0-301F-11D3-BF4B-00C04F79EFBC}") = "Odin.Templating.Razor", "Templating\Razor\Odin.Templating.Razor.csproj", "{15DA8D19-208C-808D-607D-7D140761A9BF}"
EndProject
Project("{2150E333-8FDC-42A3-9474-1A3956D46DE8}") = "Utility", "Utility", "{3610DE71-0841-E98B-B5EB-0B69D343489C}"
EndProject
Project("{FAE04EC0-301F-11D3-BF4B-00C04F79EFBC}") = "Odin.Utility.Tax", "Utility\Tax\Odin.Utility.Tax.csproj", "{4DB84D1B-7E63-725A-E904-1D3BD7E08AE4}"
EndProject
Project("{FAE04EC0-301F-11D3-BF4B-00C04F79EFBC}") = "Odin.Utility.VaryingValues", "Utility\VaryingValues\Odin.Utility.VaryingValues.csproj", "{73C490CC-F46A-FB41-5E88-406D64DE9CF5}"
EndProject
Project("{2150E333-8FDC-42A3-9474-1A3956D46DE8}") = "Configuration", "Configuration", "{E448CD88-53B9-4ED2-BEB3-8456F601CD0F}"
EndProject
Project("{2150E333-8FDC-42A3-9474-1A3956D46DE8}") = "Data", "Data", "{0587869A-0445-493C-BB48-5AF87FAB56F0}"
EndProject
Project("{2150E333-8FDC-42A3-9474-1A3956D46DE8}") = "DesignContracts", "DesignContracts", "{9E3E1A13-9A74-4895-98A9-D96F4E0ED4B7}"
EndProject
Project("{2150E333-8FDC-42A3-9474-1A3956D46DE8}") = "Logging", "Logging", "{6D4C8AB9-F597-49BD-91D3-081FA1845584}"
EndProject
Project("{2150E333-8FDC-42A3-9474-1A3956D46DE8}") = "Messaging", "Messaging", "{4140B1D5-6C97-4F68-8DEA-C0D139BA9FBC}"
EndProject
Project("{2150E333-8FDC-42A3-9474-1A3956D46DE8}") = "Notifications", "Notifications", "{DB030CD3-06FA-4788-8F76-E1F6D7162843}"
EndProject
Project("{FAE04EC0-301F-11D3-BF4B-00C04F79EFBC}") = "Odin.System.Result", "System\Result\Odin.System.Result.csproj", "{36463D1F-7E51-41B8-B6EA-5E3B833DB479}"
EndProject
Project("{FAE04EC0-301F-11D3-BF4B-00C04F79EFBC}") = "Odin.System.StringEnum", "System\StringEnum\Odin.System.StringEnum.csproj", "{13D2E2D9-7E61-4AED-83C6-71D01D6E3BFD}"
EndProject
Project("{FAE04EC0-301F-11D3-BF4B-00C04F79EFBC}") = "Tests.Odin.BackgroundProcessing", "BackgroundProcessing\Tests\Tests.Odin.BackgroundProcessing.csproj", "{B091589D-960C-40F6-822F-522D099828E6}"
EndProject
Project("{FAE04EC0-301F-11D3-BF4B-00C04F79EFBC}") = "Tests.Odin.RemoteFiles", "RemoteFiles\Tests\Tests.Odin.RemoteFiles.csproj", "{4F2A6CED-2886-42F1-9664-65CA810D5713}"
EndProject
Global
	GlobalSection(SolutionConfigurationPlatforms) = preSolution
		Debug|Any CPU = Debug|Any CPU
		Release|Any CPU = Release|Any CPU
	EndGlobalSection
	GlobalSection(ProjectConfigurationPlatforms) = postSolution
		{220850A1-9524-7FE7-B680-B58A6384939A}.Debug|Any CPU.ActiveCfg = Debug|Any CPU
		{220850A1-9524-7FE7-B680-B58A6384939A}.Debug|Any CPU.Build.0 = Debug|Any CPU
		{220850A1-9524-7FE7-B680-B58A6384939A}.Release|Any CPU.ActiveCfg = Release|Any CPU
		{220850A1-9524-7FE7-B680-B58A6384939A}.Release|Any CPU.Build.0 = Release|Any CPU
		{5460CA02-468D-B729-DBED-DC892DACB296}.Debug|Any CPU.ActiveCfg = Debug|Any CPU
		{5460CA02-468D-B729-DBED-DC892DACB296}.Debug|Any CPU.Build.0 = Debug|Any CPU
		{5460CA02-468D-B729-DBED-DC892DACB296}.Release|Any CPU.ActiveCfg = Release|Any CPU
		{5460CA02-468D-B729-DBED-DC892DACB296}.Release|Any CPU.Build.0 = Release|Any CPU
		{2B952295-4016-E1DA-8A6A-A0084F2049DF}.Debug|Any CPU.ActiveCfg = Debug|Any CPU
		{2B952295-4016-E1DA-8A6A-A0084F2049DF}.Debug|Any CPU.Build.0 = Debug|Any CPU
		{2B952295-4016-E1DA-8A6A-A0084F2049DF}.Release|Any CPU.ActiveCfg = Release|Any CPU
		{2B952295-4016-E1DA-8A6A-A0084F2049DF}.Release|Any CPU.Build.0 = Release|Any CPU
		{957731CC-1C44-4D0C-58F8-9B67862EF843}.Debug|Any CPU.ActiveCfg = Debug|Any CPU
		{957731CC-1C44-4D0C-58F8-9B67862EF843}.Debug|Any CPU.Build.0 = Debug|Any CPU
		{957731CC-1C44-4D0C-58F8-9B67862EF843}.Release|Any CPU.ActiveCfg = Release|Any CPU
		{957731CC-1C44-4D0C-58F8-9B67862EF843}.Release|Any CPU.Build.0 = Release|Any CPU
		{21717156-66D0-2EF7-4728-A1BDEC5395F1}.Debug|Any CPU.ActiveCfg = Debug|Any CPU
		{21717156-66D0-2EF7-4728-A1BDEC5395F1}.Debug|Any CPU.Build.0 = Debug|Any CPU
		{21717156-66D0-2EF7-4728-A1BDEC5395F1}.Release|Any CPU.ActiveCfg = Release|Any CPU
		{21717156-66D0-2EF7-4728-A1BDEC5395F1}.Release|Any CPU.Build.0 = Release|Any CPU
		{EE0118A3-E6BF-C45D-04EE-2BB8C979E5E5}.Debug|Any CPU.ActiveCfg = Debug|Any CPU
		{EE0118A3-E6BF-C45D-04EE-2BB8C979E5E5}.Debug|Any CPU.Build.0 = Debug|Any CPU
		{EE0118A3-E6BF-C45D-04EE-2BB8C979E5E5}.Release|Any CPU.ActiveCfg = Release|Any CPU
		{EE0118A3-E6BF-C45D-04EE-2BB8C979E5E5}.Release|Any CPU.Build.0 = Release|Any CPU
		{129E541A-C234-3625-95BF-4283B062F233}.Debug|Any CPU.ActiveCfg = Debug|Any CPU
		{129E541A-C234-3625-95BF-4283B062F233}.Debug|Any CPU.Build.0 = Debug|Any CPU
		{129E541A-C234-3625-95BF-4283B062F233}.Release|Any CPU.ActiveCfg = Release|Any CPU
		{129E541A-C234-3625-95BF-4283B062F233}.Release|Any CPU.Build.0 = Release|Any CPU
		{CE323D9C-635B-EFD3-5B3F-7CE371D8A86A}.Debug|Any CPU.ActiveCfg = Debug|Any CPU
		{CE323D9C-635B-EFD3-5B3F-7CE371D8A86A}.Debug|Any CPU.Build.0 = Debug|Any CPU
		{CE323D9C-635B-EFD3-5B3F-7CE371D8A86A}.Release|Any CPU.ActiveCfg = Release|Any CPU
		{CE323D9C-635B-EFD3-5B3F-7CE371D8A86A}.Release|Any CPU.Build.0 = Release|Any CPU
		{5581CD07-4D40-7BDA-6B2D-0C625F2E77B9}.Debug|Any CPU.ActiveCfg = Debug|Any CPU
		{5581CD07-4D40-7BDA-6B2D-0C625F2E77B9}.Debug|Any CPU.Build.0 = Debug|Any CPU
		{5581CD07-4D40-7BDA-6B2D-0C625F2E77B9}.Release|Any CPU.ActiveCfg = Release|Any CPU
		{5581CD07-4D40-7BDA-6B2D-0C625F2E77B9}.Release|Any CPU.Build.0 = Release|Any CPU
		{68EEC220-4890-4137-F216-60C0B71CAC50}.Debug|Any CPU.ActiveCfg = Debug|Any CPU
		{68EEC220-4890-4137-F216-60C0B71CAC50}.Debug|Any CPU.Build.0 = Debug|Any CPU
		{68EEC220-4890-4137-F216-60C0B71CAC50}.Release|Any CPU.ActiveCfg = Release|Any CPU
		{68EEC220-4890-4137-F216-60C0B71CAC50}.Release|Any CPU.Build.0 = Release|Any CPU
		{CFA010DD-F0CF-AF57-01BC-D0C6C4757228}.Debug|Any CPU.ActiveCfg = Debug|Any CPU
		{CFA010DD-F0CF-AF57-01BC-D0C6C4757228}.Debug|Any CPU.Build.0 = Debug|Any CPU
		{CFA010DD-F0CF-AF57-01BC-D0C6C4757228}.Release|Any CPU.ActiveCfg = Release|Any CPU
		{CFA010DD-F0CF-AF57-01BC-D0C6C4757228}.Release|Any CPU.Build.0 = Release|Any CPU
		{3D01E7DC-D9DB-95AD-14D5-6557C57AABF5}.Debug|Any CPU.ActiveCfg = Debug|Any CPU
		{3D01E7DC-D9DB-95AD-14D5-6557C57AABF5}.Debug|Any CPU.Build.0 = Debug|Any CPU
		{3D01E7DC-D9DB-95AD-14D5-6557C57AABF5}.Release|Any CPU.ActiveCfg = Release|Any CPU
		{3D01E7DC-D9DB-95AD-14D5-6557C57AABF5}.Release|Any CPU.Build.0 = Release|Any CPU
		{50850EA5-0B2D-C344-800F-CF9E35B36802}.Debug|Any CPU.ActiveCfg = Debug|Any CPU
		{50850EA5-0B2D-C344-800F-CF9E35B36802}.Debug|Any CPU.Build.0 = Debug|Any CPU
		{50850EA5-0B2D-C344-800F-CF9E35B36802}.Release|Any CPU.ActiveCfg = Release|Any CPU
		{50850EA5-0B2D-C344-800F-CF9E35B36802}.Release|Any CPU.Build.0 = Release|Any CPU
		{F36423F4-9212-22F7-34A1-2C00F215D703}.Debug|Any CPU.ActiveCfg = Debug|Any CPU
		{F36423F4-9212-22F7-34A1-2C00F215D703}.Debug|Any CPU.Build.0 = Debug|Any CPU
		{F36423F4-9212-22F7-34A1-2C00F215D703}.Release|Any CPU.ActiveCfg = Release|Any CPU
		{F36423F4-9212-22F7-34A1-2C00F215D703}.Release|Any CPU.Build.0 = Release|Any CPU
		{BC2458FA-57C0-A796-4E4B-AF5F7F92EFAB}.Debug|Any CPU.ActiveCfg = Debug|Any CPU
		{BC2458FA-57C0-A796-4E4B-AF5F7F92EFAB}.Debug|Any CPU.Build.0 = Debug|Any CPU
		{BC2458FA-57C0-A796-4E4B-AF5F7F92EFAB}.Release|Any CPU.ActiveCfg = Release|Any CPU
		{BC2458FA-57C0-A796-4E4B-AF5F7F92EFAB}.Release|Any CPU.Build.0 = Release|Any CPU
		{5D246D76-0E6E-00F7-C201-7AE19751DF7B}.Debug|Any CPU.ActiveCfg = Debug|Any CPU
		{5D246D76-0E6E-00F7-C201-7AE19751DF7B}.Debug|Any CPU.Build.0 = Debug|Any CPU
		{5D246D76-0E6E-00F7-C201-7AE19751DF7B}.Release|Any CPU.ActiveCfg = Release|Any CPU
		{5D246D76-0E6E-00F7-C201-7AE19751DF7B}.Release|Any CPU.Build.0 = Release|Any CPU
		{E450FC74-0DBE-320A-FE7A-87255CB4DFAB}.Debug|Any CPU.ActiveCfg = Debug|Any CPU
		{E450FC74-0DBE-320A-FE7A-87255CB4DFAB}.Debug|Any CPU.Build.0 = Debug|Any CPU
		{E450FC74-0DBE-320A-FE7A-87255CB4DFAB}.Release|Any CPU.ActiveCfg = Release|Any CPU
		{E450FC74-0DBE-320A-FE7A-87255CB4DFAB}.Release|Any CPU.Build.0 = Release|Any CPU
		{DBDD9A48-564C-F575-95D8-73D1ACADCCAC}.Debug|Any CPU.ActiveCfg = Debug|Any CPU
		{DBDD9A48-564C-F575-95D8-73D1ACADCCAC}.Debug|Any CPU.Build.0 = Debug|Any CPU
		{DBDD9A48-564C-F575-95D8-73D1ACADCCAC}.Release|Any CPU.ActiveCfg = Release|Any CPU
		{DBDD9A48-564C-F575-95D8-73D1ACADCCAC}.Release|Any CPU.Build.0 = Release|Any CPU
		{15DA8D19-208C-808D-607D-7D140761A9BF}.Debug|Any CPU.ActiveCfg = Debug|Any CPU
		{15DA8D19-208C-808D-607D-7D140761A9BF}.Debug|Any CPU.Build.0 = Debug|Any CPU
		{15DA8D19-208C-808D-607D-7D140761A9BF}.Release|Any CPU.ActiveCfg = Release|Any CPU
		{15DA8D19-208C-808D-607D-7D140761A9BF}.Release|Any CPU.Build.0 = Release|Any CPU
		{4DB84D1B-7E63-725A-E904-1D3BD7E08AE4}.Debug|Any CPU.ActiveCfg = Debug|Any CPU
		{4DB84D1B-7E63-725A-E904-1D3BD7E08AE4}.Debug|Any CPU.Build.0 = Debug|Any CPU
		{4DB84D1B-7E63-725A-E904-1D3BD7E08AE4}.Release|Any CPU.ActiveCfg = Release|Any CPU
		{4DB84D1B-7E63-725A-E904-1D3BD7E08AE4}.Release|Any CPU.Build.0 = Release|Any CPU
		{73C490CC-F46A-FB41-5E88-406D64DE9CF5}.Debug|Any CPU.ActiveCfg = Debug|Any CPU
		{73C490CC-F46A-FB41-5E88-406D64DE9CF5}.Debug|Any CPU.Build.0 = Debug|Any CPU
		{73C490CC-F46A-FB41-5E88-406D64DE9CF5}.Release|Any CPU.ActiveCfg = Release|Any CPU
		{73C490CC-F46A-FB41-5E88-406D64DE9CF5}.Release|Any CPU.Build.0 = Release|Any CPU
		{36463D1F-7E51-41B8-B6EA-5E3B833DB479}.Debug|Any CPU.ActiveCfg = Debug|Any CPU
		{36463D1F-7E51-41B8-B6EA-5E3B833DB479}.Debug|Any CPU.Build.0 = Debug|Any CPU
		{36463D1F-7E51-41B8-B6EA-5E3B833DB479}.Release|Any CPU.ActiveCfg = Release|Any CPU
		{36463D1F-7E51-41B8-B6EA-5E3B833DB479}.Release|Any CPU.Build.0 = Release|Any CPU
		{13D2E2D9-7E61-4AED-83C6-71D01D6E3BFD}.Debug|Any CPU.ActiveCfg = Debug|Any CPU
		{13D2E2D9-7E61-4AED-83C6-71D01D6E3BFD}.Debug|Any CPU.Build.0 = Debug|Any CPU
		{13D2E2D9-7E61-4AED-83C6-71D01D6E3BFD}.Release|Any CPU.ActiveCfg = Release|Any CPU
		{13D2E2D9-7E61-4AED-83C6-71D01D6E3BFD}.Release|Any CPU.Build.0 = Release|Any CPU
		{B091589D-960C-40F6-822F-522D099828E6}.Debug|Any CPU.ActiveCfg = Debug|Any CPU
		{B091589D-960C-40F6-822F-522D099828E6}.Debug|Any CPU.Build.0 = Debug|Any CPU
		{B091589D-960C-40F6-822F-522D099828E6}.Release|Any CPU.ActiveCfg = Release|Any CPU
		{B091589D-960C-40F6-822F-522D099828E6}.Release|Any CPU.Build.0 = Release|Any CPU
		{4F2A6CED-2886-42F1-9664-65CA810D5713}.Debug|Any CPU.ActiveCfg = Debug|Any CPU
		{4F2A6CED-2886-42F1-9664-65CA810D5713}.Debug|Any CPU.Build.0 = Debug|Any CPU
		{4F2A6CED-2886-42F1-9664-65CA810D5713}.Release|Any CPU.ActiveCfg = Release|Any CPU
		{4F2A6CED-2886-42F1-9664-65CA810D5713}.Release|Any CPU.Build.0 = Release|Any CPU
	EndGlobalSection
	GlobalSection(NestedProjects) = preSolution
		{CE323D9C-635B-EFD3-5B3F-7CE371D8A86A} = {BF440C74-E223-3CBF-8FA7-83F7D164F7C3}
		{5581CD07-4D40-7BDA-6B2D-0C625F2E77B9} = {BF440C74-E223-3CBF-8FA7-83F7D164F7C3}
		{68EEC220-4890-4137-F216-60C0B71CAC50} = {BF440C74-E223-3CBF-8FA7-83F7D164F7C3}
		{CFA010DD-F0CF-AF57-01BC-D0C6C4757228} = {9639D0B7-7422-B408-6257-54E077C42F8A}
		{3D01E7DC-D9DB-95AD-14D5-6557C57AABF5} = {9639D0B7-7422-B408-6257-54E077C42F8A}
		{50850EA5-0B2D-C344-800F-CF9E35B36802} = {9639D0B7-7422-B408-6257-54E077C42F8A}
		{F36423F4-9212-22F7-34A1-2C00F215D703} = {499A48AF-B09A-AD23-332B-6CC3057A4CBB}
		{BC2458FA-57C0-A796-4E4B-AF5F7F92EFAB} = {499A48AF-B09A-AD23-332B-6CC3057A4CBB}
		{5D246D76-0E6E-00F7-C201-7AE19751DF7B} = {499A48AF-B09A-AD23-332B-6CC3057A4CBB}
		{DBDD9A48-564C-F575-95D8-73D1ACADCCAC} = {85003D0A-72DB-A487-DC35-85E02D70F0B1}
		{15DA8D19-208C-808D-607D-7D140761A9BF} = {85003D0A-72DB-A487-DC35-85E02D70F0B1}
		{4DB84D1B-7E63-725A-E904-1D3BD7E08AE4} = {3610DE71-0841-E98B-B5EB-0B69D343489C}
		{73C490CC-F46A-FB41-5E88-406D64DE9CF5} = {3610DE71-0841-E98B-B5EB-0B69D343489C}
		{220850A1-9524-7FE7-B680-B58A6384939A} = {E448CD88-53B9-4ED2-BEB3-8456F601CD0F}
		{5460CA02-468D-B729-DBED-DC892DACB296} = {0587869A-0445-493C-BB48-5AF87FAB56F0}
		{2B952295-4016-E1DA-8A6A-A0084F2049DF} = {9E3E1A13-9A74-4895-98A9-D96F4E0ED4B7}
		{957731CC-1C44-4D0C-58F8-9B67862EF843} = {6D4C8AB9-F597-49BD-91D3-081FA1845584}
		{21717156-66D0-2EF7-4728-A1BDEC5395F1} = {4140B1D5-6C97-4F68-8DEA-C0D139BA9FBC}
		{EE0118A3-E6BF-C45D-04EE-2BB8C979E5E5} = {DB030CD3-06FA-4788-8F76-E1F6D7162843}
		{E450FC74-0DBE-320A-FE7A-87255CB4DFAB} = {3610DE71-0841-E98B-B5EB-0B69D343489C}
		{36463D1F-7E51-41B8-B6EA-5E3B833DB479} = {73BA62BB-2B41-2DC4-C714-51B3D4C2A215}
		{13D2E2D9-7E61-4AED-83C6-71D01D6E3BFD} = {73BA62BB-2B41-2DC4-C714-51B3D4C2A215}
		{B091589D-960C-40F6-822F-522D099828E6} = {BF440C74-E223-3CBF-8FA7-83F7D164F7C3}
		{4F2A6CED-2886-42F1-9664-65CA810D5713} = {499A48AF-B09A-AD23-332B-6CC3057A4CBB}
	EndGlobalSection
EndGlobal
