
Microsoft Visual Studio Solution File, Format Version 12.00
Project("{FAE04EC0-301F-11D3-BF4B-00C04F79EFBC}") = "Odin.Common", "Odin.Common\Odin.Common.csproj", "{9267C5A7-C9E9-4872-BC03-57BE4F252037}"
EndProject
Project("{FAE04EC0-301F-11D3-BF4B-00C04F79EFBC}") = "Tests.Odin", "Tests.Odin\Tests.Odin.csproj", "{B916225A-553B-46E0-ABD3-ABBC31CB3CD5}"
EndProject
Project("{FAE04EC0-301F-11D3-BF4B-00C04F79EFBC}") = "Odin.BackgroundProcessing", "Odin.BackgroundProcessing\Odin.BackgroundProcessing.csproj", "{F744A13C-A829-480D-A446-DF400D778EC7}"
EndProject
Project("{FAE04EC0-301F-11D3-BF4B-00C04F79EFBC}") = "Odin.Experimental", "Odin.Experimental\Odin.Experimental.csproj", "{4999F158-4C92-4D96-B739-240BF23C5542}"
EndProject
Project("{FAE04EC0-301F-11D3-BF4B-00C04F79EFBC}") = "Odin.Cryptography", "Odin.Cryptography\Odin.Cryptography.csproj", "{CBFC223C-09AD-49FD-9E9C-B83E1C9A2AF6}"
EndProject
Project("{FAE04EC0-301F-11D3-BF4B-00C04F79EFBC}") = "Tests.Odin.Experimental", "Tests.Odin.Experimental\Tests.Odin.Experimental.csproj", "{6A219A85-0D44-4DCA-AB75-3EE1F9E970CB}"
EndProject
Project("{FAE04EC0-301F-11D3-BF4B-00C04F79EFBC}") = "Odin.RemoteFiles", "Odin.RemoteFiles\Odin.RemoteFiles.csproj", "{900AE2DB-2C93-4D77-981A-4ACBD8302FB0}"
EndProject
Project("{FAE04EC0-301F-11D3-BF4B-00C04F79EFBC}") = "Odin.Messaging.RabbitMq", "Odin.Messaging.RabbitMq\Odin.Messaging.RabbitMq.csproj", "{73F200C7-76F9-46E0-853F-B72F972ABCA1}"
EndProject
Project("{FAE04EC0-301F-11D3-BF4B-00C04F79EFBC}") = "Odin.Email", "Odin.Email\Odin.Email.csproj", "{9D2AFC5C-3AF0-477F-B897-00CFDFBAF8A1}"
EndProject
Project("{FAE04EC0-301F-11D3-BF4B-00C04F79EFBC}") = "Odin.Notifications", "Odin.Notifications\Odin.Notifications.csproj", "{4F9CD746-05FD-403F-BDD2-41E2F8C5665E}"
EndProject
Project("{FAE04EC0-301F-11D3-BF4B-00C04F79EFBC}") = "Odin.Data.SqlScriptsRunner", "Odin.Data.SqlScriptsRunner\Odin.Data.SqlScriptsRunner.csproj", "{904F5BA9-C9D5-4017-AF42-E9FB04FCFC20}"
EndProject
Project("{FAE04EC0-301F-11D3-BF4B-00C04F79EFBC}") = "Odin.BackgroundProcessing.Abstractions", "Odin.BackgroundProcessing.Abstractions\Odin.BackgroundProcessing.Abstractions.csproj", "{D2CE077A-2EA7-4F13-AC5B-58EA68AAB25C}"
EndProject
Project("{2150E333-8FDC-42A3-9474-1A3956D46DE8}") = "Shared", "Shared", "{CE67841E-5255-45F1-AE39-08398D5D1864}"
	ProjectSection(SolutionItems) = preProject
		global.json = global.json
		nuget.config = nuget.config
		..\.github\workflows\publish.yml = ..\.github\workflows\publish.yml
		Directory.Build.props = Directory.Build.props
	EndProjectSection
EndProject
Project("{FAE04EC0-301F-11D3-BF4B-00C04F79EFBC}") = "Odin.RemoteFiles.SFTP", "Odin.RemoteFiles.SFTP\Odin.RemoteFiles.SFTP.csproj", "{2A9A2948-3678-4A6E-A4B0-D0DFFC450F20}"
EndProject
Project("{FAE04EC0-301F-11D3-BF4B-00C04F79EFBC}") = "Odin.Email.Mailgun", "Odin.Email.Mailgun\Odin.Email.Mailgun.csproj", "{63DD5DBE-254B-4FC4-9B1F-852D19B1A4ED}"
EndProject
Project("{FAE04EC0-301F-11D3-BF4B-00C04F79EFBC}") = "Odin.RemoteFiles.Abstractions", "Odin.RemoteFiles.Abstractions\Odin.RemoteFiles.Abstractions.csproj", "{D18BF347-10D6-40C4-9C79-16B03324A9BF}"
EndProject
Project("{FAE04EC0-301F-11D3-BF4B-00C04F79EFBC}") = "Odin.BackgroundProcessing.Hangfire", "Odin.BackgroundProcessing.Hangfire\Odin.BackgroundProcessing.Hangfire.csproj", "{84018D8E-FBF7-4016-A013-9DDC7F4FC3A5}"
EndProject
Project("{FAE04EC0-301F-11D3-BF4B-00C04F79EFBC}") = "TestHost", "TestHost\TestHost.csproj", "{46440E03-83D0-4B7F-8295-8B78B373412E}"
EndProject
Global
	GlobalSection(SolutionConfigurationPlatforms) = preSolution
		Debug|Any CPU = Debug|Any CPU
		Release|Any CPU = Release|Any CPU
	EndGlobalSection
	GlobalSection(ProjectConfigurationPlatforms) = postSolution
		{9267C5A7-C9E9-4872-BC03-57BE4F252037}.Debug|Any CPU.ActiveCfg = Debug|Any CPU
		{9267C5A7-C9E9-4872-BC03-57BE4F252037}.Debug|Any CPU.Build.0 = Debug|Any CPU
		{9267C5A7-C9E9-4872-BC03-57BE4F252037}.Release|Any CPU.ActiveCfg = Release|Any CPU
		{9267C5A7-C9E9-4872-BC03-57BE4F252037}.Release|Any CPU.Build.0 = Release|Any CPU
		{B916225A-553B-46E0-ABD3-ABBC31CB3CD5}.Debug|Any CPU.ActiveCfg = Debug|Any CPU
		{B916225A-553B-46E0-ABD3-ABBC31CB3CD5}.Debug|Any CPU.Build.0 = Debug|Any CPU
		{B916225A-553B-46E0-ABD3-ABBC31CB3CD5}.Release|Any CPU.ActiveCfg = Release|Any CPU
		{B916225A-553B-46E0-ABD3-ABBC31CB3CD5}.Release|Any CPU.Build.0 = Release|Any CPU
		{F744A13C-A829-480D-A446-DF400D778EC7}.Debug|Any CPU.ActiveCfg = Debug|Any CPU
		{F744A13C-A829-480D-A446-DF400D778EC7}.Debug|Any CPU.Build.0 = Debug|Any CPU
		{F744A13C-A829-480D-A446-DF400D778EC7}.Release|Any CPU.ActiveCfg = Release|Any CPU
		{F744A13C-A829-480D-A446-DF400D778EC7}.Release|Any CPU.Build.0 = Release|Any CPU
		{4999F158-4C92-4D96-B739-240BF23C5542}.Debug|Any CPU.ActiveCfg = Debug|Any CPU
		{4999F158-4C92-4D96-B739-240BF23C5542}.Debug|Any CPU.Build.0 = Debug|Any CPU
		{4999F158-4C92-4D96-B739-240BF23C5542}.Release|Any CPU.ActiveCfg = Release|Any CPU
		{4999F158-4C92-4D96-B739-240BF23C5542}.Release|Any CPU.Build.0 = Release|Any CPU
		{CBFC223C-09AD-49FD-9E9C-B83E1C9A2AF6}.Debug|Any CPU.ActiveCfg = Debug|Any CPU
		{CBFC223C-09AD-49FD-9E9C-B83E1C9A2AF6}.Debug|Any CPU.Build.0 = Debug|Any CPU
		{CBFC223C-09AD-49FD-9E9C-B83E1C9A2AF6}.Release|Any CPU.ActiveCfg = Release|Any CPU
		{CBFC223C-09AD-49FD-9E9C-B83E1C9A2AF6}.Release|Any CPU.Build.0 = Release|Any CPU
		{6A219A85-0D44-4DCA-AB75-3EE1F9E970CB}.Debug|Any CPU.ActiveCfg = Debug|Any CPU
		{6A219A85-0D44-4DCA-AB75-3EE1F9E970CB}.Debug|Any CPU.Build.0 = Debug|Any CPU
		{6A219A85-0D44-4DCA-AB75-3EE1F9E970CB}.Release|Any CPU.ActiveCfg = Release|Any CPU
		{6A219A85-0D44-4DCA-AB75-3EE1F9E970CB}.Release|Any CPU.Build.0 = Release|Any CPU
		{900AE2DB-2C93-4D77-981A-4ACBD8302FB0}.Debug|Any CPU.ActiveCfg = Debug|Any CPU
		{900AE2DB-2C93-4D77-981A-4ACBD8302FB0}.Debug|Any CPU.Build.0 = Debug|Any CPU
		{900AE2DB-2C93-4D77-981A-4ACBD8302FB0}.Release|Any CPU.ActiveCfg = Release|Any CPU
		{900AE2DB-2C93-4D77-981A-4ACBD8302FB0}.Release|Any CPU.Build.0 = Release|Any CPU
		{73F200C7-76F9-46E0-853F-B72F972ABCA1}.Debug|Any CPU.ActiveCfg = Debug|Any CPU
		{73F200C7-76F9-46E0-853F-B72F972ABCA1}.Debug|Any CPU.Build.0 = Debug|Any CPU
		{73F200C7-76F9-46E0-853F-B72F972ABCA1}.Release|Any CPU.ActiveCfg = Release|Any CPU
		{73F200C7-76F9-46E0-853F-B72F972ABCA1}.Release|Any CPU.Build.0 = Release|Any CPU
		{9D2AFC5C-3AF0-477F-B897-00CFDFBAF8A1}.Debug|Any CPU.ActiveCfg = Debug|Any CPU
		{9D2AFC5C-3AF0-477F-B897-00CFDFBAF8A1}.Debug|Any CPU.Build.0 = Debug|Any CPU
		{9D2AFC5C-3AF0-477F-B897-00CFDFBAF8A1}.Release|Any CPU.ActiveCfg = Release|Any CPU
		{9D2AFC5C-3AF0-477F-B897-00CFDFBAF8A1}.Release|Any CPU.Build.0 = Release|Any CPU
		{4F9CD746-05FD-403F-BDD2-41E2F8C5665E}.Debug|Any CPU.ActiveCfg = Debug|Any CPU
		{4F9CD746-05FD-403F-BDD2-41E2F8C5665E}.Debug|Any CPU.Build.0 = Debug|Any CPU
		{4F9CD746-05FD-403F-BDD2-41E2F8C5665E}.Release|Any CPU.ActiveCfg = Release|Any CPU
		{4F9CD746-05FD-403F-BDD2-41E2F8C5665E}.Release|Any CPU.Build.0 = Release|Any CPU
		{904F5BA9-C9D5-4017-AF42-E9FB04FCFC20}.Debug|Any CPU.ActiveCfg = Debug|Any CPU
		{904F5BA9-C9D5-4017-AF42-E9FB04FCFC20}.Debug|Any CPU.Build.0 = Debug|Any CPU
		{904F5BA9-C9D5-4017-AF42-E9FB04FCFC20}.Release|Any CPU.ActiveCfg = Release|Any CPU
		{904F5BA9-C9D5-4017-AF42-E9FB04FCFC20}.Release|Any CPU.Build.0 = Release|Any CPU
		{D2CE077A-2EA7-4F13-AC5B-58EA68AAB25C}.Debug|Any CPU.ActiveCfg = Debug|Any CPU
		{D2CE077A-2EA7-4F13-AC5B-58EA68AAB25C}.Debug|Any CPU.Build.0 = Debug|Any CPU
		{D2CE077A-2EA7-4F13-AC5B-58EA68AAB25C}.Release|Any CPU.ActiveCfg = Release|Any CPU
		{D2CE077A-2EA7-4F13-AC5B-58EA68AAB25C}.Release|Any CPU.Build.0 = Release|Any CPU
		{2A9A2948-3678-4A6E-A4B0-D0DFFC450F20}.Debug|Any CPU.ActiveCfg = Debug|Any CPU
		{2A9A2948-3678-4A6E-A4B0-D0DFFC450F20}.Debug|Any CPU.Build.0 = Debug|Any CPU
		{2A9A2948-3678-4A6E-A4B0-D0DFFC450F20}.Release|Any CPU.ActiveCfg = Release|Any CPU
		{2A9A2948-3678-4A6E-A4B0-D0DFFC450F20}.Release|Any CPU.Build.0 = Release|Any CPU
		{63DD5DBE-254B-4FC4-9B1F-852D19B1A4ED}.Debug|Any CPU.ActiveCfg = Debug|Any CPU
		{63DD5DBE-254B-4FC4-9B1F-852D19B1A4ED}.Debug|Any CPU.Build.0 = Debug|Any CPU
		{63DD5DBE-254B-4FC4-9B1F-852D19B1A4ED}.Release|Any CPU.ActiveCfg = Release|Any CPU
		{63DD5DBE-254B-4FC4-9B1F-852D19B1A4ED}.Release|Any CPU.Build.0 = Release|Any CPU
		{D18BF347-10D6-40C4-9C79-16B03324A9BF}.Debug|Any CPU.ActiveCfg = Debug|Any CPU
		{D18BF347-10D6-40C4-9C79-16B03324A9BF}.Debug|Any CPU.Build.0 = Debug|Any CPU
		{D18BF347-10D6-40C4-9C79-16B03324A9BF}.Release|Any CPU.ActiveCfg = Release|Any CPU
		{D18BF347-10D6-40C4-9C79-16B03324A9BF}.Release|Any CPU.Build.0 = Release|Any CPU
		{84018D8E-FBF7-4016-A013-9DDC7F4FC3A5}.Debug|Any CPU.ActiveCfg = Debug|Any CPU
		{84018D8E-FBF7-4016-A013-9DDC7F4FC3A5}.Debug|Any CPU.Build.0 = Debug|Any CPU
		{84018D8E-FBF7-4016-A013-9DDC7F4FC3A5}.Release|Any CPU.ActiveCfg = Release|Any CPU
		{84018D8E-FBF7-4016-A013-9DDC7F4FC3A5}.Release|Any CPU.Build.0 = Release|Any CPU
		{46440E03-83D0-4B7F-8295-8B78B373412E}.Debug|Any CPU.ActiveCfg = Debug|Any CPU
		{46440E03-83D0-4B7F-8295-8B78B373412E}.Release|Any CPU.ActiveCfg = Release|Any CPU
		{46440E03-83D0-4B7F-8295-8B78B373412E}.Release|Any CPU.Build.0 = Release|Any CPU
		{46440E03-83D0-4B7F-8295-8B78B373412E}.Debug|Any CPU.Build.0 = Debug|Any CPU
	EndGlobalSection
EndGlobal
